
Microsoft Visual Studio Solution File, Format Version 12.00
# Visual Studio Version 17
VisualStudioVersion = 17.5.002.0
MinimumVisualStudioVersion = 10.0.40219.1
Project("{9A19103F-16F7-4668-BE54-9A1E7A4F7556}") = "TasksApi", "TasksApi.csproj", "{EA3F9959-112E-4402-A44B-92EABD596D91}"
EndProject
Global
	GlobalSection(SolutionConfigurationPlatforms) = preSolution
		Debug|Any CPU = Debug|Any CPU
		Release|Any CPU = Release|Any CPU
	EndGlobalSection
	GlobalSection(ProjectConfigurationPlatforms) = postSolution
		{EA3F9959-112E-4402-A44B-92EABD596D91}.Debug|Any CPU.ActiveCfg = Debug|Any CPU
		{EA3F9959-112E-4402-A44B-92EABD596D91}.Debug|Any CPU.Build.0 = Debug|Any CPU
		{EA3F9959-112E-4402-A44B-92EABD596D91}.Release|Any CPU.ActiveCfg = Release|Any CPU
		{EA3F9959-112E-4402-A44B-92EABD596D91}.Release|Any CPU.Build.0 = Release|Any CPU
	EndGlobalSection
	GlobalSection(SolutionProperties) = preSolution
		HideSolutionNode = FALSE
	EndGlobalSection
	GlobalSection(ExtensibilityGlobals) = postSolution
		SolutionGuid = {9C2E82DF-1059-4E39-BB1A-DA731320AE10}
	EndGlobalSection
EndGlobal
